
Microsoft Visual Studio Solution File, Format Version 12.00
# Visual Studio Version 17
VisualStudioVersion = 17.0.32014.148
MinimumVisualStudioVersion = 10.0.40219.1
Project("{9A19103F-16F7-4668-BE54-9A1E7A4F7556}") = "Microsoft.Azure.Relay.ReverseProxy", "Microsoft.Azure.Relay.ReverseProxy\Microsoft.Azure.Relay.ReverseProxy.csproj", "{E30CF3CD-58C4-478B-AB71-406AEE3AE7C6}"
EndProject
Project("{FAE04EC0-301F-11D3-BF4B-00C04F79EFBC}") = "SampleWebApplication", "SampleWebApplication\SampleWebApplication.csproj", "{89106026-1D1A-46B9-AB51-91D8741F46AC}"
EndProject
Global
	GlobalSection(SolutionConfigurationPlatforms) = preSolution
		Debug|Any CPU = Debug|Any CPU
		Release|Any CPU = Release|Any CPU
	EndGlobalSection
	GlobalSection(ProjectConfigurationPlatforms) = postSolution
		{E30CF3CD-58C4-478B-AB71-406AEE3AE7C6}.Debug|Any CPU.ActiveCfg = Debug|Any CPU
		{E30CF3CD-58C4-478B-AB71-406AEE3AE7C6}.Debug|Any CPU.Build.0 = Debug|Any CPU
		{E30CF3CD-58C4-478B-AB71-406AEE3AE7C6}.Release|Any CPU.ActiveCfg = Release|Any CPU
		{E30CF3CD-58C4-478B-AB71-406AEE3AE7C6}.Release|Any CPU.Build.0 = Release|Any CPU
		{89106026-1D1A-46B9-AB51-91D8741F46AC}.Debug|Any CPU.ActiveCfg = Debug|Any CPU
		{89106026-1D1A-46B9-AB51-91D8741F46AC}.Debug|Any CPU.Build.0 = Debug|Any CPU
		{89106026-1D1A-46B9-AB51-91D8741F46AC}.Release|Any CPU.ActiveCfg = Release|Any CPU
		{89106026-1D1A-46B9-AB51-91D8741F46AC}.Release|Any CPU.Build.0 = Release|Any CPU
	EndGlobalSection
	GlobalSection(SolutionProperties) = preSolution
		HideSolutionNode = FALSE
	EndGlobalSection
	GlobalSection(ExtensibilityGlobals) = postSolution
		SolutionGuid = {6696DCEE-1B21-4176-AE5E-88138A789275}
	EndGlobalSection
EndGlobal
