
Microsoft Visual Studio Solution File, Format Version 12.00
# Visual Studio Version 16
VisualStudioVersion = 16.0.810.16
MinimumVisualStudioVersion = 10.0.40219.1
Project("{FAE04EC0-301F-11D3-BF4B-00C04F79EFBC}") = "TeamsMessagingExtensionsAction", "TeamsMessagingExtensionsAction.csproj", "{D003ACDD-9AEE-4AE8-BEA6-B05CAD2CFA0B}"
EndProject
Global
	GlobalSection(SolutionConfigurationPlatforms) = preSolution
		Debug|Any CPU = Debug|Any CPU
		Release|Any CPU = Release|Any CPU
	EndGlobalSection
	GlobalSection(ProjectConfigurationPlatforms) = postSolution
		{D003ACDD-9AEE-4AE8-BEA6-B05CAD2CFA0B}.Debug|Any CPU.ActiveCfg = Debug|Any CPU
		{D003ACDD-9AEE-4AE8-BEA6-B05CAD2CFA0B}.Debug|Any CPU.Build.0 = Debug|Any CPU
		{D003ACDD-9AEE-4AE8-BEA6-B05CAD2CFA0B}.Release|Any CPU.ActiveCfg = Release|Any CPU
		{D003ACDD-9AEE-4AE8-BEA6-B05CAD2CFA0B}.Release|Any CPU.Build.0 = Release|Any CPU
	EndGlobalSection
	GlobalSection(SolutionProperties) = preSolution
		HideSolutionNode = FALSE
	EndGlobalSection
	GlobalSection(ExtensibilityGlobals) = postSolution
		SolutionGuid = {C215BF01-35F6-492D-9F11-0235FBE752DE}
	EndGlobalSection
EndGlobal
